
Microsoft Visual Studio Solution File, Format Version 12.00
# Visual Studio 15
VisualStudioVersion = 15.0.27130.2010
MinimumVisualStudioVersion = 10.0.40219.1
Project("{FAE04EC0-301F-11D3-BF4B-00C04F79EFBC}") = "Exercise_Demo", "Exercise_Demo\Exercise_Demo.csproj", "{FA962605-73BF-44A1-AABA-7D05661A2F40}"
EndProject
Global
	GlobalSection(SolutionConfigurationPlatforms) = preSolution
		Debug|Any CPU = Debug|Any CPU
		Release|Any CPU = Release|Any CPU
	EndGlobalSection
	GlobalSection(ProjectConfigurationPlatforms) = postSolution
		{FA962605-73BF-44A1-AABA-7D05661A2F40}.Debug|Any CPU.ActiveCfg = Debug|Any CPU
		{FA962605-73BF-44A1-AABA-7D05661A2F40}.Debug|Any CPU.Build.0 = Debug|Any CPU
		{FA962605-73BF-44A1-AABA-7D05661A2F40}.Release|Any CPU.ActiveCfg = Release|Any CPU
		{FA962605-73BF-44A1-AABA-7D05661A2F40}.Release|Any CPU.Build.0 = Release|Any CPU
	EndGlobalSection
	GlobalSection(SolutionProperties) = preSolution
		HideSolutionNode = FALSE
	EndGlobalSection
	GlobalSection(ExtensibilityGlobals) = postSolution
		SolutionGuid = {C79A0D98-09D7-4F09-8F66-BFABCB9FBC3F}
	EndGlobalSection
EndGlobal
